{
  "requires": true,
  "lockfileVersion": 1,
  "dependencies": {
    "debug": {
      "version": "4.3.3",
      "resolved": "https://registry.npmjs.org/debug/-/debug-4.3.3.tgz",
      "integrity": "sha512-/zxw5+vh1Tfv+4Qn7a5nsbcJKPaSvCDhojn6FEl9vupwK2VCSDtEiEtqr8DFtzYFOdz63LBkxec7DYuc2jon6Q==",
      "requires": {
        "ms": "2.1.2"
      }
    },
    "dns-over-http-resolver": {
      "version": "1.2.3",
      "resolved": "https://registry.npmjs.org/dns-over-http-resolver/-/dns-over-http-resolver-1.2.3.tgz",
      "integrity": "sha512-miDiVSI6KSNbi4SVifzO/reD8rMnxgrlnkrlkugOLQpWQTe2qMdHsZp5DmfKjxNE+/T3VAAYLQUZMv9SMr6+AA==",
      "requires": {
        "debug": "^4.3.1",
        "native-fetch": "^3.0.0",
        "receptacle": "^1.3.2"
      }
    },
    "err-code": {
      "version": "3.0.1",
      "resolved": "https://registry.npmjs.org/err-code/-/err-code-3.0.1.tgz",
      "integrity": "sha512-GiaH0KJUewYok+eeY05IIgjtAe4Yltygk9Wqp1V5yVWLdhf0hYZchRjNIT9bb0mSwRcIusT3cx7PJUf3zEIfUA=="
    },
    "interface-datastore": {
      "version": "6.0.3",
      "resolved": "https://registry.npmjs.org/interface-datastore/-/interface-datastore-6.0.3.tgz",
      "integrity": "sha512-61eOyzh7zH1ks/56hPudW6pbqsOdoHSYMVjuqlIlZGjyg0svR6DHlCcaeSJfWW8t6dsPl1n7qKBdk8ZqPzXuLA==",
      "requires": {
        "interface-store": "^2.0.1",
        "nanoid": "^3.0.2",
        "uint8arrays": "^3.0.0"
      }
    },
    "interface-store": {
      "version": "2.0.1",
      "resolved": "https://registry.npmjs.org/interface-store/-/interface-store-2.0.1.tgz",
      "integrity": "sha512-TfjYMdk4RlaGPA0VGk8fVPM+xhFbjiA2mTv1AqhiFh3N+ZEwoJnmDu/EBdKXzl80nyd0pvKui3RTC3zFgHMjTA=="
    },
    "ip-regex": {
      "version": "4.3.0",
      "resolved": "https://registry.npmjs.org/ip-regex/-/ip-regex-4.3.0.tgz",
      "integrity": "sha512-B9ZWJxHHOHUhUjCPrMpLD4xEq35bUTClHM1S6CBU5ixQnkZmwipwgc96vAd7AAGM9TGHvJR+Uss+/Ak6UphK+Q=="
    },
    "is-ip": {
      "version": "3.1.0",
      "resolved": "https://registry.npmjs.org/is-ip/-/is-ip-3.1.0.tgz",
      "integrity": "sha512-35vd5necO7IitFPjd/YBeqwWnyDWbuLH9ZXQdMfDA8TEo7pv5X8yfrvVO3xbJbLUlERCMvf6X0hTUamQxCYJ9Q==",
      "requires": {
        "ip-regex": "^4.0.0"
      }
    },
    "ms": {
      "version": "2.1.2",
      "resolved": "https://registry.npmjs.org/ms/-/ms-2.1.2.tgz",
      "integrity": "sha512-sGkPx+VjMtmA6MX27oA4FBFELFCZZ4S4XqeGOXCv68tT+jb3vk/RyaKWP0PTKyWtmLSM0b+adUTEvbs1PEaH2w=="
    },
    "multiaddr": {
      "version": "10.0.1",
      "resolved": "https://registry.npmjs.org/multiaddr/-/multiaddr-10.0.1.tgz",
      "integrity": "sha512-G5upNcGzEGuTHkzxezPrrD6CaIHR9uo+7MwqhNVcXTs33IInon4y7nMiGxl2CY5hG7chvYQUQhz5V52/Qe3cbg==",
      "requires": {
        "dns-over-http-resolver": "^1.2.3",
        "err-code": "^3.0.1",
        "is-ip": "^3.1.0",
        "multiformats": "^9.4.5",
        "uint8arrays": "^3.0.0",
        "varint": "^6.0.0"
      }
    },
    "multiformats": {
      "version": "9.5.2",
      "resolved": "https://registry.npmjs.org/multiformats/-/multiformats-9.5.2.tgz",
      "integrity": "sha512-nLQ9s7YOVtZdeNOVvCkNyFiZdS3wyq0gvCIvdm7Zy1zw3zBoColJKjMkIPXNdTqT7ruuq+G7HrezIN0cXiAZ0w=="
    },
    "nanoid": {
      "version": "3.1.30",
      "resolved": "https://registry.npmjs.org/nanoid/-/nanoid-3.1.30.tgz",
      "integrity": "sha512-zJpuPDwOv8D2zq2WRoMe1HsfZthVewpel9CAvTfc/2mBD1uUT/agc5f7GHGWXlYkFvi1mVxe4IjvP2HNrop7nQ=="
    },
    "native-fetch": {
      "version": "3.0.0",
      "resolved": "https://registry.npmjs.org/native-fetch/-/native-fetch-3.0.0.tgz",
      "integrity": "sha512-G3Z7vx0IFb/FQ4JxvtqGABsOTIqRWvgQz6e+erkB+JJD6LrszQtMozEHI4EkmgZQvnGHrpLVzUWk7t4sJCIkVw=="
    },
    "receptacle": {
      "version": "1.3.2",
      "resolved": "https://registry.npmjs.org/receptacle/-/receptacle-1.3.2.tgz",
      "integrity": "sha512-HrsFvqZZheusncQRiEE7GatOAETrARKV/lnfYicIm8lbvp/JQOdADOfhjBd2DajvoszEyxSM6RlAAIZgEoeu/A==",
      "requires": {
        "ms": "^2.1.1"
      }
    },
    "uint8arrays": {
      "version": "3.0.0",
      "resolved": "https://registry.npmjs.org/uint8arrays/-/uint8arrays-3.0.0.tgz",
      "integrity": "sha512-HRCx0q6O9Bfbp+HHSfQQKD7wU70+lydKVt4EghkdOvlK/NlrF90z+eXV34mUd48rNvVJXwkrMSPpCATkct8fJA==",
      "requires": {
        "multiformats": "^9.4.2"
      }
    },
    "varint": {
      "version": "6.0.0",
      "resolved": "https://registry.npmjs.org/varint/-/varint-6.0.0.tgz",
      "integrity": "sha512-cXEIW6cfr15lFv563k4GuVuW/fiwjknytD37jIOLSdSWuOI6WnO/oKwmP2FQTU2l01LP8/M5TSAJpzUaGe3uWg=="
    }
  }
}
